
Microsoft Visual Studio Solution File, Format Version 12.00
Project("{FAE04EC0-301F-11D3-BF4B-00C04F79EFBC}") = "CaroGame2020_AI_Team01", "CaroGame2020_AI_Team01\CaroGame2020_AI_Team01.csproj", "{B182A506-E546-4A67-9880-D13FA8146C87}"
EndProject
Global
	GlobalSection(SolutionConfigurationPlatforms) = preSolution
		Debug|Any CPU = Debug|Any CPU
		Release|Any CPU = Release|Any CPU
	EndGlobalSection
	GlobalSection(ProjectConfigurationPlatforms) = postSolution
		{B182A506-E546-4A67-9880-D13FA8146C87}.Debug|Any CPU.ActiveCfg = Debug|Any CPU
		{B182A506-E546-4A67-9880-D13FA8146C87}.Debug|Any CPU.Build.0 = Debug|Any CPU
		{B182A506-E546-4A67-9880-D13FA8146C87}.Release|Any CPU.ActiveCfg = Release|Any CPU
		{B182A506-E546-4A67-9880-D13FA8146C87}.Release|Any CPU.Build.0 = Release|Any CPU
	EndGlobalSection
EndGlobal
